
Microsoft Visual Studio Solution File, Format Version 12.00
# Visual Studio Version 17
VisualStudioVersion = 17.13.35825.156 d17.13
MinimumVisualStudioVersion = 10.0.40219.1
Project("{FAE04EC0-301F-11D3-BF4B-00C04F79EFBC}") = "HD6301-Runner", "HD6301-Runner\HD6301-Runner.csproj", "{4BF73B7F-F2C4-4DE6-8E95-833E4E0B1739}"
EndProject
Project("{8BC9CEB8-8B4A-11D0-8D11-00A0C91BC942}") = "WoodyOPL", "WoodyOPL\WoodyOPL.vcxproj", "{7ADF0EE9-0FE1-4F9A-9E0D-A317240CE08A}"
EndProject
Project("{FAE04EC0-301F-11D3-BF4B-00C04F79EFBC}") = "OPL2", "OPL2\OPL2.csproj", "{FB7C71AF-244C-41A1-BCCD-65C25B8A3C0D}"
EndProject
Global
	GlobalSection(SolutionConfigurationPlatforms) = preSolution
		Debug|Any CPU = Debug|Any CPU
		Debug|x64 = Debug|x64
		Debug|x86 = Debug|x86
		Release|Any CPU = Release|Any CPU
		Release|x64 = Release|x64
		Release|x86 = Release|x86
	EndGlobalSection
	GlobalSection(ProjectConfigurationPlatforms) = postSolution
		{4BF73B7F-F2C4-4DE6-8E95-833E4E0B1739}.Debug|Any CPU.ActiveCfg = Debug|Any CPU
		{4BF73B7F-F2C4-4DE6-8E95-833E4E0B1739}.Debug|Any CPU.Build.0 = Debug|Any CPU
		{4BF73B7F-F2C4-4DE6-8E95-833E4E0B1739}.Debug|x64.ActiveCfg = Debug|Any CPU
		{4BF73B7F-F2C4-4DE6-8E95-833E4E0B1739}.Debug|x64.Build.0 = Debug|Any CPU
		{4BF73B7F-F2C4-4DE6-8E95-833E4E0B1739}.Debug|x86.ActiveCfg = Debug|Any CPU
		{4BF73B7F-F2C4-4DE6-8E95-833E4E0B1739}.Debug|x86.Build.0 = Debug|Any CPU
		{4BF73B7F-F2C4-4DE6-8E95-833E4E0B1739}.Release|Any CPU.ActiveCfg = Release|Any CPU
		{4BF73B7F-F2C4-4DE6-8E95-833E4E0B1739}.Release|Any CPU.Build.0 = Release|Any CPU
		{4BF73B7F-F2C4-4DE6-8E95-833E4E0B1739}.Release|x64.ActiveCfg = Release|Any CPU
		{4BF73B7F-F2C4-4DE6-8E95-833E4E0B1739}.Release|x64.Build.0 = Release|Any CPU
		{4BF73B7F-F2C4-4DE6-8E95-833E4E0B1739}.Release|x86.ActiveCfg = Release|Any CPU
		{4BF73B7F-F2C4-4DE6-8E95-833E4E0B1739}.Release|x86.Build.0 = Release|Any CPU
		{7ADF0EE9-0FE1-4F9A-9E0D-A317240CE08A}.Debug|Any CPU.ActiveCfg = Debug|x64
		{7ADF0EE9-0FE1-4F9A-9E0D-A317240CE08A}.Debug|Any CPU.Build.0 = Debug|x64
		{7ADF0EE9-0FE1-4F9A-9E0D-A317240CE08A}.Debug|x64.ActiveCfg = Debug|x64
		{7ADF0EE9-0FE1-4F9A-9E0D-A317240CE08A}.Debug|x64.Build.0 = Debug|x64
		{7ADF0EE9-0FE1-4F9A-9E0D-A317240CE08A}.Debug|x86.ActiveCfg = Debug|Win32
		{7ADF0EE9-0FE1-4F9A-9E0D-A317240CE08A}.Debug|x86.Build.0 = Debug|Win32
		{7ADF0EE9-0FE1-4F9A-9E0D-A317240CE08A}.Release|Any CPU.ActiveCfg = Release|x64
		{7ADF0EE9-0FE1-4F9A-9E0D-A317240CE08A}.Release|Any CPU.Build.0 = Release|x64
		{7ADF0EE9-0FE1-4F9A-9E0D-A317240CE08A}.Release|x64.ActiveCfg = Release|x64
		{7ADF0EE9-0FE1-4F9A-9E0D-A317240CE08A}.Release|x64.Build.0 = Release|x64
		{7ADF0EE9-0FE1-4F9A-9E0D-A317240CE08A}.Release|x86.ActiveCfg = Release|Win32
		{7ADF0EE9-0FE1-4F9A-9E0D-A317240CE08A}.Release|x86.Build.0 = Release|Win32
		{FB7C71AF-244C-41A1-BCCD-65C25B8A3C0D}.Debug|Any CPU.ActiveCfg = Debug|Any CPU
		{FB7C71AF-244C-41A1-BCCD-65C25B8A3C0D}.Debug|Any CPU.Build.0 = Debug|Any CPU
		{FB7C71AF-244C-41A1-BCCD-65C25B8A3C0D}.Debug|x64.ActiveCfg = Debug|Any CPU
		{FB7C71AF-244C-41A1-BCCD-65C25B8A3C0D}.Debug|x64.Build.0 = Debug|Any CPU
		{FB7C71AF-244C-41A1-BCCD-65C25B8A3C0D}.Debug|x86.ActiveCfg = Debug|Any CPU
		{FB7C71AF-244C-41A1-BCCD-65C25B8A3C0D}.Debug|x86.Build.0 = Debug|Any CPU
		{FB7C71AF-244C-41A1-BCCD-65C25B8A3C0D}.Release|Any CPU.ActiveCfg = Release|Any CPU
		{FB7C71AF-244C-41A1-BCCD-65C25B8A3C0D}.Release|Any CPU.Build.0 = Release|Any CPU
		{FB7C71AF-244C-41A1-BCCD-65C25B8A3C0D}.Release|x64.ActiveCfg = Release|Any CPU
		{FB7C71AF-244C-41A1-BCCD-65C25B8A3C0D}.Release|x64.Build.0 = Release|Any CPU
		{FB7C71AF-244C-41A1-BCCD-65C25B8A3C0D}.Release|x86.ActiveCfg = Release|Any CPU
		{FB7C71AF-244C-41A1-BCCD-65C25B8A3C0D}.Release|x86.Build.0 = Release|Any CPU
	EndGlobalSection
	GlobalSection(SolutionProperties) = preSolution
		HideSolutionNode = FALSE
	EndGlobalSection
	GlobalSection(ExtensibilityGlobals) = postSolution
		SolutionGuid = {41766DFB-CE18-4627-93DB-1C4536A2B6C3}
	EndGlobalSection
EndGlobal
